lockfileVersion: '9.0'

settings:
  autoInstallPeers: true
  excludeLinksFromLockfile: false

importers:

  .:
    devDependencies:
      '@types/mustache':
        specifier: ^4.2.6
        version: 4.2.6
      '@types/node':
        specifier: ^22.17.0
        version: 22.17.2
      mustache:
        specifier: ^4.2.0
        version: 4.2.0

packages:

  '@types/mustache@4.2.6':
    resolution: {integrity: sha512-t+8/QWTAhOFlrF1IVZqKnMRJi84EgkIK5Kh0p2JV4OLywUvCwJPFxbJAl7XAow7DVIHsF+xW9f1MVzg0L6Szjw==}

  '@types/node@22.17.2':
    resolution: {integrity: sha512-gL6z5N9Jm9mhY+U2KXZpteb+09zyffliRkZyZOHODGATyC5B1Jt/7TzuuiLkFsSUMLbS1OLmlj/E+/3KF4Q/4w==}

  mustache@4.2.0:
    resolution: {integrity: sha512-71ippSywq5Yb7/tVYyGbkBggbU8H3u5Rz56fH60jGFgr8uHwxs+aSKeqmluIVzM0m0kB7xQjKS6qPfd0b2ZoqQ==}
    hasBin: true

  undici-types@6.21.0:
    resolution: {integrity: sha512-iwDZqg0QAGrg9Rav5H4n0M64c3mkR59cJ6wQp+7C4nI0gsmExaedaYLNO44eT4AtBBwjbTiGPMlt2Md0T9H9JQ==}

snapshots:

  '@types/mustache@4.2.6': {}

  '@types/node@22.17.2':
    dependencies:
      undici-types: 6.21.0

  mustache@4.2.0: {}

  undici-types@6.21.0: {}
